
Microsoft Visual Studio Solution File, Format Version 12.00
# Visual Studio Version 17
VisualStudioVersion = 17.13.35806.99
MinimumVisualStudioVersion = 10.0.40219.1
Project("{FAE04EC0-301F-11D3-BF4B-00C04F79EFBC}") = "ADDITANFWebAPIS", "ADDITANFWebAPIS\ADDITANFWebAPIS.csproj", "{C536EAC7-648B-4808-BDD8-4AE9009A07C9}"
EndProject
Project("{FAE04EC0-301F-11D3-BF4B-00C04F79EFBC}") = "TANFInterfaces", "TANFInterfaces\TANFInterfaces.csproj", "{EE71D23D-2538-4233-88EF-F3963A03DB0A}"
EndProject
Project("{FAE04EC0-301F-11D3-BF4B-00C04F79EFBC}") = "TANFModels", "TANFModels\TANFModels.csproj", "{A926DD99-25AE-4D91-B5DE-24905A07DC11}"
EndProject
Project("{FAE04EC0-301F-11D3-BF4B-00C04F79EFBC}") = "TANFRepo", "TANFRepo\TANFRepo.csproj", "{08A72051-7B0E-4D85-BB4F-63B35FF19247}"
EndProject
Project("{FAE04EC0-301F-11D3-BF4B-00C04F79EFBC}") = "TANFDataAccess", "TANFDataAccess\TANFDataAccess.csproj", "{1F29671A-EB8E-49E8-8121-9A69CAFD5DD9}"
EndProject
Global
	GlobalSection(SolutionConfigurationPlatforms) = preSolution
		Debug|Any CPU = Debug|Any CPU
		Release|Any CPU = Release|Any CPU
	EndGlobalSection
	GlobalSection(ProjectConfigurationPlatforms) = postSolution
		{C536EAC7-648B-4808-BDD8-4AE9009A07C9}.Debug|Any CPU.ActiveCfg = Debug|Any CPU
		{C536EAC7-648B-4808-BDD8-4AE9009A07C9}.Debug|Any CPU.Build.0 = Debug|Any CPU
		{C536EAC7-648B-4808-BDD8-4AE9009A07C9}.Release|Any CPU.ActiveCfg = Release|Any CPU
		{C536EAC7-648B-4808-BDD8-4AE9009A07C9}.Release|Any CPU.Build.0 = Release|Any CPU
		{EE71D23D-2538-4233-88EF-F3963A03DB0A}.Debug|Any CPU.ActiveCfg = Debug|Any CPU
		{EE71D23D-2538-4233-88EF-F3963A03DB0A}.Debug|Any CPU.Build.0 = Debug|Any CPU
		{EE71D23D-2538-4233-88EF-F3963A03DB0A}.Release|Any CPU.ActiveCfg = Release|Any CPU
		{EE71D23D-2538-4233-88EF-F3963A03DB0A}.Release|Any CPU.Build.0 = Release|Any CPU
		{A926DD99-25AE-4D91-B5DE-24905A07DC11}.Debug|Any CPU.ActiveCfg = Debug|Any CPU
		{A926DD99-25AE-4D91-B5DE-24905A07DC11}.Debug|Any CPU.Build.0 = Debug|Any CPU
		{A926DD99-25AE-4D91-B5DE-24905A07DC11}.Release|Any CPU.ActiveCfg = Release|Any CPU
		{A926DD99-25AE-4D91-B5DE-24905A07DC11}.Release|Any CPU.Build.0 = Release|Any CPU
		{08A72051-7B0E-4D85-BB4F-63B35FF19247}.Debug|Any CPU.ActiveCfg = Debug|Any CPU
		{08A72051-7B0E-4D85-BB4F-63B35FF19247}.Debug|Any CPU.Build.0 = Debug|Any CPU
		{08A72051-7B0E-4D85-BB4F-63B35FF19247}.Release|Any CPU.ActiveCfg = Release|Any CPU
		{08A72051-7B0E-4D85-BB4F-63B35FF19247}.Release|Any CPU.Build.0 = Release|Any CPU
		{1F29671A-EB8E-49E8-8121-9A69CAFD5DD9}.Debug|Any CPU.ActiveCfg = Debug|Any CPU
		{1F29671A-EB8E-49E8-8121-9A69CAFD5DD9}.Debug|Any CPU.Build.0 = Debug|Any CPU
		{1F29671A-EB8E-49E8-8121-9A69CAFD5DD9}.Release|Any CPU.ActiveCfg = Release|Any CPU
		{1F29671A-EB8E-49E8-8121-9A69CAFD5DD9}.Release|Any CPU.Build.0 = Release|Any CPU
	EndGlobalSection
	GlobalSection(SolutionProperties) = preSolution
		HideSolutionNode = FALSE
	EndGlobalSection
	GlobalSection(ExtensibilityGlobals) = postSolution
		SolutionGuid = {2600DDB7-2095-4E48-8F0F-11BD6C9FDE77}
	EndGlobalSection
EndGlobal
